// !$*UTF8*$!
{
	archiveVersion = 1;
	classes = {
	};
	objectVersion = 51;
	objects = {

/* Begin PBXBuildFile section */
		A347164E48C5350AD84F1683 /* Pods_MovieApplication.framework in Frameworks */ = {isa = PBXBuildFile; fileRef = 7F3AF6BB72BBA843740CF4C2 /* Pods_MovieApplication.framework */; };
		F14034E722E8BF1A00BB360D /* Cache.swift in Sources */ = {isa = PBXBuildFile; fileRef = F14034E622E8BF1A00BB360D /* Cache.swift */; };
		F16D682122CB579600D94B10 /* AppDelegate.swift in Sources */ = {isa = PBXBuildFile; fileRef = F16D682022CB579600D94B10 /* AppDelegate.swift */; };
		F16D682322CB579600D94B10 /* ViewController.swift in Sources */ = {isa = PBXBuildFile; fileRef = F16D682222CB579600D94B10 /* ViewController.swift */; };
		F16D682822CB579700D94B10 /* Assets.xcassets in Resources */ = {isa = PBXBuildFile; fileRef = F16D682722CB579700D94B10 /* Assets.xcassets */; };
		F16D682B22CB579700D94B10 /* LaunchScreen.storyboard in Resources */ = {isa = PBXBuildFile; fileRef = F16D682922CB579700D94B10 /* LaunchScreen.storyboard */; };
		F16D685122CDCF0000D94B10 /* MovieCollectionViewCell.swift in Sources */ = {isa = PBXBuildFile; fileRef = F16D685022CDCF0000D94B10 /* MovieCollectionViewCell.swift */; };
		F16D685722CDD11300D94B10 /* MovieListViewModel.swift in Sources */ = {isa = PBXBuildFile; fileRef = F16D685622CDD11300D94B10 /* MovieListViewModel.swift */; };
		F16D685922CDD18C00D94B10 /* SupportingStructures.swift in Sources */ = {isa = PBXBuildFile; fileRef = F16D685822CDD18C00D94B10 /* SupportingStructures.swift */; };
		F16D685B22CDD2A500D94B10 /* MovieDetailViewController.swift in Sources */ = {isa = PBXBuildFile; fileRef = F16D685A22CDD2A500D94B10 /* MovieDetailViewController.swift */; };
		F16D685D22CDD44900D94B10 /* SupportingServices.swift in Sources */ = {isa = PBXBuildFile; fileRef = F16D685C22CDD44900D94B10 /* SupportingServices.swift */; };
		F16D685F22CDE88A00D94B10 /* MovieReviewsViewController.swift in Sources */ = {isa = PBXBuildFile; fileRef = F16D685E22CDE88A00D94B10 /* MovieReviewsViewController.swift */; };
		F16D686122CDEA2400D94B10 /* ReviewTableViewCell.swift in Sources */ = {isa = PBXBuildFile; fileRef = F16D686022CDEA2400D94B10 /* ReviewTableViewCell.swift */; };
		F16D686322CDEB2A00D94B10 /* ReviewListViewModel.swift in Sources */ = {isa = PBXBuildFile; fileRef = F16D686222CDEB2A00D94B10 /* ReviewListViewModel.swift */; };
		F16D686522CDF53B00D94B10 /* MovieVideoViewController.swift in Sources */ = {isa = PBXBuildFile; fileRef = F16D686422CDF53B00D94B10 /* MovieVideoViewController.swift */; };
		F1B0EF4122D3960F000CA229 /* TrailerVideoViewModel.swift in Sources */ = {isa = PBXBuildFile; fileRef = F1B0EF4022D3960F000CA229 /* TrailerVideoViewModel.swift */; };
/* End PBXBuildFile section */

/* Begin PBXFileReference section */
		11110FA8B9EC94C360F791F4 /* Pods-MovieApplication.release.xcconfig */ = {isa = PBXFileReference; includeInIndex = 1; lastKnownFileType = text.xcconfig; name = "Pods-MovieApplication.release.xcconfig"; path = "Target Support Files/Pods-MovieApplication/Pods-MovieApplication.release.xcconfig"; sourceTree = "<group>"; };
		7F3AF6BB72BBA843740CF4C2 /* Pods_MovieApplication.framework */ = {isa = PBXFileReference; explicitFileType = wrapper.framework; includeInIndex = 0; path = Pods_MovieApplication.framework; sourceTree = BUILT_PRODUCTS_DIR; };
		97705B18A8C61A602AC96A1E /* Pods-MovieApplication.debug.xcconfig */ = {isa = PBXFileReference; includeInIndex = 1; lastKnownFileType = text.xcconfig; name = "Pods-MovieApplication.debug.xcconfig"; path = "Target Support Files/Pods-MovieApplication/Pods-MovieApplication.debug.xcconfig"; sourceTree = "<group>"; };
		F14034E622E8BF1A00BB360D /* Cache.swift */ = {isa = PBXFileReference; lastKnownFileType = sourcecode.swift; path = Cache.swift; sourceTree = "<group>"; };
		F16D681D22CB579600D94B10 /* MovieApplication.app */ = {isa = PBXFileReference; explicitFileType = wrapper.application; includeInIndex = 0; path = MovieApplication.app; sourceTree = BUILT_PRODUCTS_DIR; };
		F16D682022CB579600D94B10 /* AppDelegate.swift */ = {isa = PBXFileReference; lastKnownFileType = sourcecode.swift; path = AppDelegate.swift; sourceTree = "<group>"; };
		F16D682222CB579600D94B10 /* ViewController.swift */ = {isa = PBXFileReference; lastKnownFileType = sourcecode.swift; path = ViewController.swift; sourceTree = "<group>"; };
		F16D682722CB579700D94B10 /* Assets.xcassets */ = {isa = PBXFileReference; lastKnownFileType = folder.assetcatalog; path = Assets.xcassets; sourceTree = "<group>"; };
		F16D682A22CB579700D94B10 /* Base */ = {isa = PBXFileReference; lastKnownFileType = file.storyboard; name = Base; path = Base.lproj/LaunchScreen.storyboard; sourceTree = "<group>"; };
		F16D682C22CB579700D94B10 /* Info.plist */ = {isa = PBXFileReference; lastKnownFileType = text.plist.xml; path = Info.plist; sourceTree = "<group>"; };
		F16D685022CDCF0000D94B10 /* MovieCollectionViewCell.swift */ = {isa = PBXFileReference; lastKnownFileType = sourcecode.swift; path = MovieCollectionViewCell.swift; sourceTree = "<group>"; };
		F16D685622CDD11300D94B10 /* MovieListViewModel.swift */ = {isa = PBXFileReference; lastKnownFileType = sourcecode.swift; path = MovieListViewModel.swift; sourceTree = "<group>"; };
		F16D685822CDD18C00D94B10 /* SupportingStructures.swift */ = {isa = PBXFileReference; lastKnownFileType = sourcecode.swift; path = SupportingStructures.swift; sourceTree = "<group>"; };
		F16D685A22CDD2A500D94B10 /* MovieDetailViewController.swift */ = {isa = PBXFileReference; lastKnownFileType = sourcecode.swift; path = MovieDetailViewController.swift; sourceTree = "<group>"; };
		F16D685C22CDD44900D94B10 /* SupportingServices.swift */ = {isa = PBXFileReference; lastKnownFileType = sourcecode.swift; path = SupportingServices.swift; sourceTree = "<group>"; };
		F16D685E22CDE88A00D94B10 /* MovieReviewsViewController.swift */ = {isa = PBXFileReference; lastKnownFileType = sourcecode.swift; path = MovieReviewsViewController.swift; sourceTree = "<group>"; };
		F16D686022CDEA2400D94B10 /* ReviewTableViewCell.swift */ = {isa = PBXFileReference; lastKnownFileType = sourcecode.swift; path = ReviewTableViewCell.swift; sourceTree = "<group>"; };
		F16D686222CDEB2A00D94B10 /* ReviewListViewModel.swift */ = {isa = PBXFileReference; lastKnownFileType = sourcecode.swift; path = ReviewListViewModel.swift; sourceTree = "<group>"; };
		F16D686422CDF53B00D94B10 /* MovieVideoViewController.swift */ = {isa = PBXFileReference; lastKnownFileType = sourcecode.swift; path = MovieVideoViewController.swift; sourceTree = "<group>"; };
		F1B0EF4022D3960F000CA229 /* TrailerVideoViewModel.swift */ = {isa = PBXFileReference; lastKnownFileType = sourcecode.swift; path = TrailerVideoViewModel.swift; sourceTree = "<group>"; };
/* End PBXFileReference section */

/* Begin PBXFrameworksBuildPhase section */
		F16D681A22CB579600D94B10 /* Frameworks */ = {
			isa = PBXFrameworksBuildPhase;
			buildActionMask = 2147483647;
			files = (
				A347164E48C5350AD84F1683 /* Pods_MovieApplication.framework in Frameworks */,
			);
			runOnlyForDeploymentPostprocessing = 0;
		};
/* End PBXFrameworksBuildPhase section */

/* Begin PBXGroup section */
		2126045D46DA02AA30DF3868 /* Frameworks */ = {
			isa = PBXGroup;
			children = (
				7F3AF6BB72BBA843740CF4C2 /* Pods_MovieApplication.framework */,
			);
			name = Frameworks;
			sourceTree = "<group>";
		};
		3437583E4B4ED1F1EB4B641D /* Pods */ = {
			isa = PBXGroup;
			children = (
				97705B18A8C61A602AC96A1E /* Pods-MovieApplication.debug.xcconfig */,
				11110FA8B9EC94C360F791F4 /* Pods-MovieApplication.release.xcconfig */,
			);
			path = Pods;
			sourceTree = "<group>";
		};
		F16D681422CB579600D94B10 = {
			isa = PBXGroup;
			children = (
				F16D681F22CB579600D94B10 /* MovieApplication */,
				F16D681E22CB579600D94B10 /* Products */,
				3437583E4B4ED1F1EB4B641D /* Pods */,
				2126045D46DA02AA30DF3868 /* Frameworks */,
			);
			sourceTree = "<group>";
		};
		F16D681E22CB579600D94B10 /* Products */ = {
			isa = PBXGroup;
			children = (
				F16D681D22CB579600D94B10 /* MovieApplication.app */,
			);
			name = Products;
			sourceTree = "<group>";
		};
		F16D681F22CB579600D94B10 /* MovieApplication */ = {
			isa = PBXGroup;
			children = (
				F16D682022CB579600D94B10 /* AppDelegate.swift */,
				F16D682722CB579700D94B10 /* Assets.xcassets */,
				F16D685522CDD09600D94B10 /* ViewModels */,
				F16D685422CDD08200D94B10 /* ViewControllers */,
				F16D685322CDD07400D94B10 /* Cells */,
				F16D685222CDD06A00D94B10 /* Models */,
				F16D682922CB579700D94B10 /* LaunchScreen.storyboard */,
				F16D682C22CB579700D94B10 /* Info.plist */,
			);
			path = MovieApplication;
			sourceTree = "<group>";
		};
		F16D685222CDD06A00D94B10 /* Models */ = {
			isa = PBXGroup;
			children = (
				F16D685822CDD18C00D94B10 /* SupportingStructures.swift */,
				F16D685C22CDD44900D94B10 /* SupportingServices.swift */,
			);
			path = Models;
			sourceTree = "<group>";
		};
		F16D685322CDD07400D94B10 /* Cells */ = {
			isa = PBXGroup;
			children = (
				F16D686022CDEA2400D94B10 /* ReviewTableViewCell.swift */,
				F16D685022CDCF0000D94B10 /* MovieCollectionViewCell.swift */,
			);
			path = Cells;
			sourceTree = "<group>";
		};
		F16D685422CDD08200D94B10 /* ViewControllers */ = {
			isa = PBXGroup;
			children = (
				F16D682222CB579600D94B10 /* ViewController.swift */,
				F16D685A22CDD2A500D94B10 /* MovieDetailViewController.swift */,
				F16D685E22CDE88A00D94B10 /* MovieReviewsViewController.swift */,
				F16D686422CDF53B00D94B10 /* MovieVideoViewController.swift */,
			);
			path = ViewControllers;
			sourceTree = "<group>";
		};
		F16D685522CDD09600D94B10 /* ViewModels */ = {
			isa = PBXGroup;
			children = (
				F14034E622E8BF1A00BB360D /* Cache.swift */,
				F16D685622CDD11300D94B10 /* MovieListViewModel.swift */,
				F16D686222CDEB2A00D94B10 /* ReviewListViewModel.swift */,
				F1B0EF4022D3960F000CA229 /* TrailerVideoViewModel.swift */,
			);
			path = ViewModels;
			sourceTree = "<group>";
		};
/* End PBXGroup section */

/* Begin PBXNativeTarget section */
		F16D681C22CB579600D94B10 /* MovieApplication */ = {
			isa = PBXNativeTarget;
			buildConfigurationList = F16D682F22CB579700D94B10 /* Build configuration list for PBXNativeTarget "MovieApplication" */;
			buildPhases = (
				FD6DF966FA8CDC49EFB25825 /* [CP] Check Pods Manifest.lock */,
				F16D681922CB579600D94B10 /* Sources */,
				F16D681A22CB579600D94B10 /* Frameworks */,
				F16D681B22CB579600D94B10 /* Resources */,
				E8576348BD2161BAEDDD192E /* [CP] Embed Pods Frameworks */,
			);
			buildRules = (
			);
			dependencies = (
			);
			name = MovieApplication;
			productName = MovieApplication;
			productReference = F16D681D22CB579600D94B10 /* MovieApplication.app */;
			productType = "com.apple.product-type.application";
		};
/* End PBXNativeTarget section */

/* Begin PBXProject section */
		F16D681522CB579600D94B10 /* Project object */ = {
			isa = PBXProject;
			attributes = {
				LastSwiftUpdateCheck = 1020;
				LastUpgradeCheck = 1020;
				ORGANIZATIONNAME = "Бекдаулет Касымов";
				TargetAttributes = {
					F16D681C22CB579600D94B10 = {
						CreatedOnToolsVersion = 10.2.1;
					};
				};
			};
			buildConfigurationList = F16D681822CB579600D94B10 /* Build configuration list for PBXProject "MovieApplication" */;
			compatibilityVersion = "Xcode 9.3";
			developmentRegion = en;
			hasScannedForEncodings = 0;
			knownRegions = (
				en,
				Base,
			);
			mainGroup = F16D681422CB579600D94B10;
			productRefGroup = F16D681E22CB579600D94B10 /* Products */;
			projectDirPath = "";
			projectRoot = "";
			targets = (
				F16D681C22CB579600D94B10 /* MovieApplication */,
			);
		};
/* End PBXProject section */

/* Begin PBXResourcesBuildPhase section */
		F16D681B22CB579600D94B10 /* Resources */ = {
			isa = PBXResourcesBuildPhase;
			buildActionMask = 2147483647;
			files = (
				F16D682B22CB579700D94B10 /* LaunchScreen.storyboard in Resources */,
				F16D682822CB579700D94B10 /* Assets.xcassets in Resources */,
			);
			runOnlyForDeploymentPostprocessing = 0;
		};
/* End PBXResourcesBuildPhase section */

/* Begin PBXShellScriptBuildPhase section */
		E8576348BD2161BAEDDD192E /* [CP] Embed Pods Frameworks */ = {
			isa = PBXShellScriptBuildPhase;
			buildActionMask = 2147483647;
			files = (
			);
			inputFileListPaths = (
				"${PODS_ROOT}/Target Support Files/Pods-MovieApplication/Pods-MovieApplication-frameworks-${CONFIGURATION}-input-files.xcfilelist",
			);
			name = "[CP] Embed Pods Frameworks";
			outputFileListPaths = (
				"${PODS_ROOT}/Target Support Files/Pods-MovieApplication/Pods-MovieApplication-frameworks-${CONFIGURATION}-output-files.xcfilelist",
			);
			runOnlyForDeploymentPostprocessing = 0;
			shellPath = /bin/sh;
			shellScript = "\"${PODS_ROOT}/Target Support Files/Pods-MovieApplication/Pods-MovieApplication-frameworks.sh\"\n";
			showEnvVarsInLog = 0;
		};
		FD6DF966FA8CDC49EFB25825 /* [CP] Check Pods Manifest.lock */ = {
			isa = PBXShellScriptBuildPhase;
			buildActionMask = 2147483647;
			files = (
			);
			inputFileListPaths = (
			);
			inputPaths = (
				"${PODS_PODFILE_DIR_PATH}/Podfile.lock",
				"${PODS_ROOT}/Manifest.lock",
			);
			name = "[CP] Check Pods Manifest.lock";
			outputFileListPaths = (
			);
			outputPaths = (
				"$(DERIVED_FILE_DIR)/Pods-MovieApplication-checkManifestLockResult.txt",
			);
			runOnlyForDeploymentPostprocessing = 0;
			shellPath = /bin/sh;
			shellScript = "diff \"${PODS_PODFILE_DIR_PATH}/Podfile.lock\" \"${PODS_ROOT}/Manifest.lock\" > /dev/null\nif [ $? != 0 ] ; then\n    # print error to STDERR\n    echo \"error: The sandbox is not in sync with the Podfile.lock. Run 'pod install' or update your CocoaPods installation.\" >&2\n    exit 1\nfi\n# This output is used by Xcode 'outputs' to avoid re-running this script phase.\necho \"SUCCESS\" > \"${SCRIPT_OUTPUT_FILE_0}\"\n";
			showEnvVarsInLog = 0;
		};
/* End PBXShellScriptBuildPhase section */

/* Begin PBXSourcesBuildPhase section */
		F16D681922CB579600D94B10 /* Sources */ = {
			isa = PBXSourcesBuildPhase;
			buildActionMask = 2147483647;
			files = (
				F1B0EF4122D3960F000CA229 /* TrailerVideoViewModel.swift in Sources */,
				F16D685122CDCF0000D94B10 /* MovieCollectionViewCell.swift in Sources */,
				F16D685922CDD18C00D94B10 /* SupportingStructures.swift in Sources */,
				F16D685D22CDD44900D94B10 /* SupportingServices.swift in Sources */,
				F16D686522CDF53B00D94B10 /* MovieVideoViewController.swift in Sources */,
				F16D682322CB579600D94B10 /* ViewController.swift in Sources */,
				F14034E722E8BF1A00BB360D /* Cache.swift in Sources */,
				F16D686322CDEB2A00D94B10 /* ReviewListViewModel.swift in Sources */,
				F16D682122CB579600D94B10 /* AppDelegate.swift in Sources */,
				F16D685B22CDD2A500D94B10 /* MovieDetailViewController.swift in Sources */,
				F16D685F22CDE88A00D94B10 /* MovieReviewsViewController.swift in Sources */,
				F16D686122CDEA2400D94B10 /* ReviewTableViewCell.swift in Sources */,
				F16D685722CDD11300D94B10 /* MovieListViewModel.swift in Sources */,
			);
			runOnlyForDeploymentPostprocessing = 0;
		};
/* End PBXSourcesBuildPhase section */

/* Begin PBXVariantGroup section */
		F16D682922CB579700D94B10 /* LaunchScreen.storyboard */ = {
			isa = PBXVariantGroup;
			children = (
				F16D682A22CB579700D94B10 /* Base */,
			);
			name = LaunchScreen.storyboard;
			sourceTree = "<group>";
		};
/* End PBXVariantGroup section */

/* Begin XCBuildConfiguration section */
		F16D682D22CB579700D94B10 /* Debug */ = {
			isa = XCBuildConfiguration;
			buildSettings = {
				ALWAYS_SEARCH_USER_PATHS = NO;
				CLANG_ANALYZER_NONNULL = YES;
				CLANG_ANALYZER_NUMBER_OBJECT_CONVERSION = YES_AGGRESSIVE;
				CLANG_CXX_LANGUAGE_STANDARD = "gnu++14";
				CLANG_CXX_LIBRARY = "libc++";
				CLANG_ENABLE_MODULES = YES;
				CLANG_ENABLE_OBJC_ARC = YES;
				CLANG_ENABLE_OBJC_WEAK = YES;
				CLANG_WARN_BLOCK_CAPTURE_AUTORELEASING = YES;
				CLANG_WARN_BOOL_CONVERSION = YES;
				CLANG_WARN_COMMA = YES;
				CLANG_WARN_CONSTANT_CONVERSION = YES;
				CLANG_WARN_DEPRECATED_OBJC_IMPLEMENTATIONS = YES;
				CLANG_WARN_DIRECT_OBJC_ISA_USAGE = YES_ERROR;
				CLANG_WARN_DOCUMENTATION_COMMENTS = YES;
				CLANG_WARN_EMPTY_BODY = YES;
				CLANG_WARN_ENUM_CONVERSION = YES;
				CLANG_WARN_INFINITE_RECURSION = YES;
				CLANG_WARN_INT_CONVERSION = YES;
				CLANG_WARN_NON_LITERAL_NULL_CONVERSION = YES;
				CLANG_WARN_OBJC_IMPLICIT_RETAIN_SELF = YES;
				CLANG_WARN_OBJC_LITERAL_CONVERSION = YES;
				CLANG_WARN_OBJC_ROOT_CLASS = YES_ERROR;
				CLANG_WARN_RANGE_LOOP_ANALYSIS = YES;
				CLANG_WARN_STRICT_PROTOTYPES = YES;
				CLANG_WARN_SUSPICIOUS_MOVE = YES;
				CLANG_WARN_UNGUARDED_AVAILABILITY = YES_AGGRESSIVE;
				CLANG_WARN_UNREACHABLE_CODE = YES;
				CLANG_WARN__DUPLICATE_METHOD_MATCH = YES;
				CODE_SIGN_IDENTITY = "iPhone Developer";
				COPY_PHASE_STRIP = NO;
				DEBUG_INFORMATION_FORMAT = dwarf;
				ENABLE_STRICT_OBJC_MSGSEND = YES;
				ENABLE_TESTABILITY = YES;
				GCC_C_LANGUAGE_STANDARD = gnu11;
				GCC_DYNAMIC_NO_PIC = NO;
				GCC_NO_COMMON_BLOCKS = YES;
				GCC_OPTIMIZATION_LEVEL = 0;
				GCC_PREPROCESSOR_DEFINITIONS = (
					"DEBUG=1",
					"$(inherited)",
				);
				GCC_WARN_64_TO_32_BIT_CONVERSION = YES;
				GCC_WARN_ABOUT_RETURN_TYPE = YES_ERROR;
				GCC_WARN_UNDECLARED_SELECTOR = YES;
				GCC_WARN_UNINITIALIZED_AUTOS = YES_AGGRESSIVE;
				GCC_WARN_UNUSED_FUNCTION = YES;
				GCC_WARN_UNUSED_VARIABLE = YES;
				IPHONEOS_DEPLOYMENT_TARGET = 12.2;
				MTL_ENABLE_DEBUG_INFO = INCLUDE_SOURCE;
				MTL_FAST_MATH = YES;
				ONLY_ACTIVE_ARCH = YES;
				SDKROOT = iphoneos;
				SWIFT_ACTIVE_COMPILATION_CONDITIONS = DEBUG;
				SWIFT_OPTIMIZATION_LEVEL = "-Onone";
			};
			name = Debug;
		};
		F16D682E22CB579700D94B10 /* Release */ = {
			isa = XCBuildConfiguration;
			buildSettings = {
				ALWAYS_SEARCH_USER_PATHS = NO;
				CLANG_ANALYZER_NONNULL = YES;
				CLANG_ANALYZER_NUMBER_OBJECT_CONVERSION = YES_AGGRESSIVE;
				CLANG_CXX_LANGUAGE_STANDARD = "gnu++14";
				CLANG_CXX_LIBRARY = "libc++";
				CLANG_ENABLE_MODULES = YES;
				CLANG_ENABLE_OBJC_ARC = YES;
				CLANG_ENABLE_OBJC_WEAK = YES;
				CLANG_WARN_BLOCK_CAPTURE_AUTORELEASING = YES;
				CLANG_WARN_BOOL_CONVERSION = YES;
				CLANG_WARN_COMMA = YES;
				CLANG_WARN_CONSTANT_CONVERSION = YES;
				CLANG_WARN_DEPRECATED_OBJC_IMPLEMENTATIONS = YES;
				CLANG_WARN_DIRECT_OBJC_ISA_USAGE = YES_ERROR;
				CLANG_WARN_DOCUMENTATION_COMMENTS = YES;
				CLANG_WARN_EMPTY_BODY = YES;
				CLANG_WARN_ENUM_CONVERSION = YES;
				CLANG_WARN_INFINITE_RECURSION = YES;
				CLANG_WARN_INT_CONVERSION = YES;
				CLANG_WARN_NON_LITERAL_NULL_CONVERSION = YES;
				CLANG_WARN_OBJC_IMPLICIT_RETAIN_SELF = YES;
				CLANG_WARN_OBJC_LITERAL_CONVERSION = YES;
				CLANG_WARN_OBJC_ROOT_CLASS = YES_ERROR;
				CLANG_WARN_RANGE_LOOP_ANALYSIS = YES;
				CLANG_WARN_STRICT_PROTOTYPES = YES;
				CLANG_WARN_SUSPICIOUS_MOVE = YES;
				CLANG_WARN_UNGUARDED_AVAILABILITY = YES_AGGRESSIVE;
				CLANG_WARN_UNREACHABLE_CODE = YES;
				CLANG_WARN__DUPLICATE_METHOD_MATCH = YES;
				CODE_SIGN_IDENTITY = "iPhone Developer";
				COPY_PHASE_STRIP = NO;
				DEBUG_INFORMATION_FORMAT = "dwarf-with-dsym";
				ENABLE_NS_ASSERTIONS = NO;
				ENABLE_STRICT_OBJC_MSGSEND = YES;
				GCC_C_LANGUAGE_STANDARD = gnu11;
				GCC_NO_COMMON_BLOCKS = YES;
				GCC_WARN_64_TO_32_BIT_CONVERSION = YES;
				GCC_WARN_ABOUT_RETURN_TYPE = YES_ERROR;
				GCC_WARN_UNDECLARED_SELECTOR = YES;
				GCC_WARN_UNINITIALIZED_AUTOS = YES_AGGRESSIVE;
				GCC_WARN_UNUSED_FUNCTION = YES;
				GCC_WARN_UNUSED_VARIABLE = YES;
				IPHONEOS_DEPLOYMENT_TARGET = 12.2;
				MTL_ENABLE_DEBUG_INFO = NO;
				MTL_FAST_MATH = YES;
				SDKROOT = iphoneos;
				SWIFT_COMPILATION_MODE = wholemodule;
				SWIFT_OPTIMIZATION_LEVEL = "-O";
				VALIDATE_PRODUCT = YES;
			};
			name = Release;
		};
		F16D683022CB579700D94B10 /* Debug */ = {
			isa = XCBuildConfiguration;
			baseConfigurationReference = 97705B18A8C61A602AC96A1E /* Pods-MovieApplication.debug.xcconfig */;
			buildSettings = {
				ASSETCATALOG_COMPILER_APPICON_NAME = AppIcon;
				CODE_SIGN_STYLE = Automatic;
				DEVELOPMENT_TEAM = J2AS8B8DGM;
				INFOPLIST_FILE = MovieApplication/Info.plist;
				LD_RUNPATH_SEARCH_PATHS = (
					"$(inherited)",
					"@executable_path/Frameworks",
				);
				PRODUCT_BUNDLE_IDENTIFIER = bekdaulet.kassymov.learing.MovieApplication;
				PRODUCT_NAME = "$(TARGET_NAME)";
				SWIFT_VERSION = 5.0;
				TARGETED_DEVICE_FAMILY = "1,2";
			};
			name = Debug;
		};
		F16D683122CB579700D94B10 /* Release */ = {
			isa = XCBuildConfiguration;
			baseConfigurationReference = 11110FA8B9EC94C360F791F4 /* Pods-MovieApplication.release.xcconfig */;
			buildSettings = {
				ASSETCATALOG_COMPILER_APPICON_NAME = AppIcon;
				CODE_SIGN_STYLE = Automatic;
				DEVELOPMENT_TEAM = J2AS8B8DGM;
				INFOPLIST_FILE = MovieApplication/Info.plist;
				LD_RUNPATH_SEARCH_PATHS = (
					"$(inherited)",
					"@executable_path/Frameworks",
				);
				PRODUCT_BUNDLE_IDENTIFIER = bekdaulet.kassymov.learing.MovieApplication;
				PRODUCT_NAME = "$(TARGET_NAME)";
				SWIFT_VERSION = 5.0;
				TARGETED_DEVICE_FAMILY = "1,2";
			};
			name = Release;
		};
/* End XCBuildConfiguration section */

/* Begin XCConfigurationList section */
		F16D681822CB579600D94B10 /* Build configuration list for PBXProject "MovieApplication" */ = {
			isa = XCConfigurationList;
			buildConfigurations = (
				F16D682D22CB579700D94B10 /* Debug */,
				F16D682E22CB579700D94B10 /* Release */,
			);
			defaultConfigurationIsVisible = 0;
			defaultConfigurationName = Release;
		};
		F16D682F22CB579700D94B10 /* Build configuration list for PBXNativeTarget "MovieApplication" */ = {
			isa = XCConfigurationList;
			buildConfigurations = (
				F16D683022CB579700D94B10 /* Debug */,
				F16D683122CB579700D94B10 /* Release */,
			);
			defaultConfigurationIsVisible = 0;
			defaultConfigurationName = Release;
		};
/* End XCConfigurationList section */
	};
	rootObject = F16D681522CB579600D94B10 /* Project object */;
}
